
Microsoft Visual Studio Solution File, Format Version 12.00
# Visual Studio Version 17
VisualStudioVersion = 17.6.33829.357
MinimumVisualStudioVersion = 10.0.40219.1
Project("{2150E333-8FDC-42A3-9474-1A3956D46DE8}") = "step1", "step1", "{7DA97D64-8E59-478B-B2CA-1F3B01A6E0C9}"
EndProject
Project("{FAE04EC0-301F-11D3-BF4B-00C04F79EFBC}") = "Step1_WebApplication", "Step1_WebApplication\Step1_WebApplication.csproj", "{3A07F405-1060-485E-B9AE-084CF13436EA}"
EndProject
Global
	GlobalSection(SolutionConfigurationPlatforms) = preSolution
		Debug|Any CPU = Debug|Any CPU
		Release|Any CPU = Release|Any CPU
	EndGlobalSection
	GlobalSection(ProjectConfigurationPlatforms) = postSolution
		{3A07F405-1060-485E-B9AE-084CF13436EA}.Debug|Any CPU.ActiveCfg = Debug|Any CPU
		{3A07F405-1060-485E-B9AE-084CF13436EA}.Debug|Any CPU.Build.0 = Debug|Any CPU
		{3A07F405-1060-485E-B9AE-084CF13436EA}.Release|Any CPU.ActiveCfg = Release|Any CPU
		{3A07F405-1060-485E-B9AE-084CF13436EA}.Release|Any CPU.Build.0 = Release|Any CPU
	EndGlobalSection
	GlobalSection(SolutionProperties) = preSolution
		HideSolutionNode = FALSE
	EndGlobalSection
	GlobalSection(NestedProjects) = preSolution
		{3A07F405-1060-485E-B9AE-084CF13436EA} = {7DA97D64-8E59-478B-B2CA-1F3B01A6E0C9}
	EndGlobalSection
	GlobalSection(ExtensibilityGlobals) = postSolution
		SolutionGuid = {7B3CCF15-7CB9-4964-8DC7-08C37E232CA2}
	EndGlobalSection
EndGlobal
